
Microsoft Visual Studio Solution File, Format Version 12.00
# Visual Studio 15
VisualStudioVersion = 15.0.28307.1209
MinimumVisualStudioVersion = 10.0.40219.1
Project("{8BC9CEB8-8B4A-11D0-8D11-00A0C91BC942}") = "lab5", "lab5\lab5.vcxproj", "{CB18B0B0-F0DF-42F9-8B1C-D53E7A723B4E}"
EndProject
Global
	GlobalSection(SolutionConfigurationPlatforms) = preSolution
		Debug|x64 = Debug|x64
		Debug|x86 = Debug|x86
		Release|x64 = Release|x64
		Release|x86 = Release|x86
	EndGlobalSection
	GlobalSection(ProjectConfigurationPlatforms) = postSolution
		{CB18B0B0-F0DF-42F9-8B1C-D53E7A723B4E}.Debug|x64.ActiveCfg = Debug|x64
		{CB18B0B0-F0DF-42F9-8B1C-D53E7A723B4E}.Debug|x64.Build.0 = Debug|x64
		{CB18B0B0-F0DF-42F9-8B1C-D53E7A723B4E}.Debug|x86.ActiveCfg = Debug|Win32
		{CB18B0B0-F0DF-42F9-8B1C-D53E7A723B4E}.Debug|x86.Build.0 = Debug|Win32
		{CB18B0B0-F0DF-42F9-8B1C-D53E7A723B4E}.Release|x64.ActiveCfg = Release|x64
		{CB18B0B0-F0DF-42F9-8B1C-D53E7A723B4E}.Release|x64.Build.0 = Release|x64
		{CB18B0B0-F0DF-42F9-8B1C-D53E7A723B4E}.Release|x86.ActiveCfg = Release|Win32
		{CB18B0B0-F0DF-42F9-8B1C-D53E7A723B4E}.Release|x86.Build.0 = Release|Win32
	EndGlobalSection
	GlobalSection(SolutionProperties) = preSolution
		HideSolutionNode = FALSE
	EndGlobalSection
	GlobalSection(ExtensibilityGlobals) = postSolution
		SolutionGuid = {FF6E1D48-F75E-4C6E-83C8-E679B8F45871}
	EndGlobalSection
EndGlobal
